// !$*UTF8*$!
{
	archiveVersion = 1;
	classes = {
	};
	objectVersion = 46;
	objects = {

/* Begin PBXBuildFile section */
		694167B51AE258190061AEC2 /* Foundation.framework in Frameworks */ = {isa = PBXBuildFile; fileRef = 694167B41AE258190061AEC2 /* Foundation.framework */; };
		694167B81AE258190061AEC2 /* main.m in Sources */ = {isa = PBXBuildFile; fileRef = 694167B71AE258190061AEC2 /* main.m */; };
		694167BC1AE258190061AEC2 /* Foundation____NSDate___.1 in CopyFiles */ = {isa = PBXBuildFile; fileRef = 694167BB1AE258190061AEC2 /* Foundation____NSDate___.1 */; };
/* End PBXBuildFile section */

/* Begin PBXCopyFilesBuildPhase section */
		694167AF1AE258190061AEC2 /* CopyFiles */ = {
			isa = PBXCopyFilesBuildPhase;
			buildActionMask = 2147483647;
			dstPath = /usr/share/man/man1/;
			dstSubfolderSpec = 0;
			files = (
				694167BC1AE258190061AEC2 /* Foundation____NSDate___.1 in CopyFiles */,
			);
			runOnlyForDeploymentPostprocessing = 1;
		};
/* End PBXCopyFilesBuildPhase section */

/* Begin PBXFileReference section */
		694167B11AE258190061AEC2 /* Foundation框架--NSDate日期类 */ = {isa = PBXFileReference; explicitFileType = "compiled.mach-o.executable"; includeInIndex = 0; path = "Foundation框架--NSDate日期类"; sourceTree = BUILT_PRODUCTS_DIR; };
		694167B41AE258190061AEC2 /* Foundation.framework */ = {isa = PBXFileReference; lastKnownFileType = wrapper.framework; name = Foundation.framework; path = System/Library/Frameworks/Foundation.framework; sourceTree = SDKROOT; };
		694167B71AE258190061AEC2 /* main.m */ = {isa = PBXFileReference; lastKnownFileType = sourcecode.c.objc; path = main.m; sourceTree = "<group>"; };
		694167BA1AE258190061AEC2 /* Foundation框架--NSDate日期类-Prefix.pch */ = {isa = PBXFileReference; lastKnownFileType = sourcecode.c.h; path = "Foundation框架--NSDate日期类-Prefix.pch"; sourceTree = "<group>"; };
		694167BB1AE258190061AEC2 /* Foundation____NSDate___.1 */ = {isa = PBXFileReference; lastKnownFileType = text.man; path = "Foundation____NSDate___.1"; sourceTree = "<group>"; };
/* End PBXFileReference section */

/* Begin PBXFrameworksBuildPhase section */
		694167AE1AE258190061AEC2 /* Frameworks */ = {
			isa = PBXFrameworksBuildPhase;
			buildActionMask = 2147483647;
			files = (
				694167B51AE258190061AEC2 /* Foundation.framework in Frameworks */,
			);
			runOnlyForDeploymentPostprocessing = 0;
		};
/* End PBXFrameworksBuildPhase section */

/* Begin PBXGroup section */
		694167A81AE258190061AEC2 = {
			isa = PBXGroup;
			children = (
				694167B61AE258190061AEC2 /* Foundation框架--NSDate日期类 */,
				694167B31AE258190061AEC2 /* Frameworks */,
				694167B21AE258190061AEC2 /* Products */,
			);
			sourceTree = "<group>";
		};
		694167B21AE258190061AEC2 /* Products */ = {
			isa = PBXGroup;
			children = (
				694167B11AE258190061AEC2 /* Foundation框架--NSDate日期类 */,
			);
			name = Products;
			sourceTree = "<group>";
		};
		694167B31AE258190061AEC2 /* Frameworks */ = {
			isa = PBXGroup;
			children = (
				694167B41AE258190061AEC2 /* Foundation.framework */,
			);
			name = Frameworks;
			sourceTree = "<group>";
		};
		694167B61AE258190061AEC2 /* Foundation框架--NSDate日期类 */ = {
			isa = PBXGroup;
			children = (
				694167B71AE258190061AEC2 /* main.m */,
				694167BB1AE258190061AEC2 /* Foundation____NSDate___.1 */,
				694167B91AE258190061AEC2 /* Supporting Files */,
			);
			path = "Foundation框架--NSDate日期类";
			sourceTree = "<group>";
		};
		694167B91AE258190061AEC2 /* Supporting Files */ = {
			isa = PBXGroup;
			children = (
				694167BA1AE258190061AEC2 /* Foundation框架--NSDate日期类-Prefix.pch */,
			);
			name = "Supporting Files";
			sourceTree = "<group>";
		};
/* End PBXGroup section */

/* Begin PBXNativeTarget section */
		694167B01AE258190061AEC2 /* Foundation框架--NSDate日期类 */ = {
			isa = PBXNativeTarget;
			buildConfigurationList = 694167BF1AE258190061AEC2 /* Build configuration list for PBXNativeTarget "Foundation框架--NSDate日期类" */;
			buildPhases = (
				694167AD1AE258190061AEC2 /* Sources */,
				694167AE1AE258190061AEC2 /* Frameworks */,
				694167AF1AE258190061AEC2 /* CopyFiles */,
			);
			buildRules = (
			);
			dependencies = (
			);
			name = "Foundation框架--NSDate日期类";
			productName = "Foundation框架--NSDate日期类";
			productReference = 694167B11AE258190061AEC2 /* Foundation框架--NSDate日期类 */;
			productType = "com.apple.product-type.tool";
		};
/* End PBXNativeTarget section */

/* Begin PBXProject section */
		694167A91AE258190061AEC2 /* Project object */ = {
			isa = PBXProject;
			attributes = {
				LastUpgradeCheck = 0510;
				ORGANIZATIONNAME = OC;
			};
			buildConfigurationList = 694167AC1AE258190061AEC2 /* Build configuration list for PBXProject "Foundation框架--NSDate日期类" */;
			compatibilityVersion = "Xcode 3.2";
			developmentRegion = English;
			hasScannedForEncodings = 0;
			knownRegions = (
				en,
			);
			mainGroup = 694167A81AE258190061AEC2;
			productRefGroup = 694167B21AE258190061AEC2 /* Products */;
			projectDirPath = "";
			projectRoot = "";
			targets = (
				694167B01AE258190061AEC2 /* Foundation框架--NSDate日期类 */,
			);
		};
/* End PBXProject section */

/* Begin PBXSourcesBuildPhase section */
		694167AD1AE258190061AEC2 /* Sources */ = {
			isa = PBXSourcesBuildPhase;
			buildActionMask = 2147483647;
			files = (
				694167B81AE258190061AEC2 /* main.m in Sources */,
			);
			runOnlyForDeploymentPostprocessing = 0;
		};
/* End PBXSourcesBuildPhase section */

/* Begin XCBuildConfiguration section */
		694167BD1AE258190061AEC2 /* Debug */ = {
			isa = XCBuildConfiguration;
			buildSettings = {
				ALWAYS_SEARCH_USER_PATHS = NO;
				CLANG_CXX_LANGUAGE_STANDARD = "gnu++0x";
				CLANG_CXX_LIBRARY = "libc++";
				CLANG_ENABLE_MODULES = YES;
				CLANG_ENABLE_OBJC_ARC = YES;
				CLANG_WARN_BOOL_CONVERSION = YES;
				CLANG_WARN_CONSTANT_CONVERSION = YES;
				CLANG_WARN_DIRECT_OBJC_ISA_USAGE = YES_ERROR;
				CLANG_WARN_EMPTY_BODY = YES;
				CLANG_WARN_ENUM_CONVERSION = YES;
				CLANG_WARN_INT_CONVERSION = YES;
				CLANG_WARN_OBJC_ROOT_CLASS = YES_ERROR;
				CLANG_WARN__DUPLICATE_METHOD_MATCH = YES;
				COPY_PHASE_STRIP = NO;
				GCC_C_LANGUAGE_STANDARD = gnu99;
				GCC_DYNAMIC_NO_PIC = NO;
				GCC_ENABLE_OBJC_EXCEPTIONS = YES;
				GCC_OPTIMIZATION_LEVEL = 0;
				GCC_PREPROCESSOR_DEFINITIONS = (
					"DEBUG=1",
					"$(inherited)",
				);
				GCC_SYMBOLS_PRIVATE_EXTERN = NO;
				GCC_WARN_64_TO_32_BIT_CONVERSION = YES;
				GCC_WARN_ABOUT_RETURN_TYPE = YES_ERROR;
				GCC_WARN_UNDECLARED_SELECTOR = YES;
				GCC_WARN_UNINITIALIZED_AUTOS = YES_AGGRESSIVE;
				GCC_WARN_UNUSED_FUNCTION = YES;
				GCC_WARN_UNUSED_VARIABLE = YES;
				MACOSX_DEPLOYMENT_TARGET = 10.9;
				ONLY_ACTIVE_ARCH = YES;
				SDKROOT = macosx;
			};
			name = Debug;
		};
		694167BE1AE258190061AEC2 /* Release */ = {
			isa = XCBuildConfiguration;
			buildSettings = {
				ALWAYS_SEARCH_USER_PATHS = NO;
				CLANG_CXX_LANGUAGE_STANDARD = "gnu++0x";
				CLANG_CXX_LIBRARY = "libc++";
				CLANG_ENABLE_MODULES = YES;
				CLANG_ENABLE_OBJC_ARC = YES;
				CLANG_WARN_BOOL_CONVERSION = YES;
				CLANG_WARN_CONSTANT_CONVERSION = YES;
				CLANG_WARN_DIRECT_OBJC_ISA_USAGE = YES_ERROR;
				CLANG_WARN_EMPTY_BODY = YES;
				CLANG_WARN_ENUM_CONVERSION = YES;
				CLANG_WARN_INT_CONVERSION = YES;
				CLANG_WARN_OBJC_ROOT_CLASS = YES_ERROR;
				CLANG_WARN__DUPLICATE_METHOD_MATCH = YES;
				COPY_PHASE_STRIP = YES;
				DEBUG_INFORMATION_FORMAT = "dwarf-with-dsym";
				ENABLE_NS_ASSERTIONS = NO;
				GCC_C_LANGUAGE_STANDARD = gnu99;
				GCC_ENABLE_OBJC_EXCEPTIONS = YES;
				GCC_WARN_64_TO_32_BIT_CONVERSION = YES;
				GCC_WARN_ABOUT_RETURN_TYPE = YES_ERROR;
				GCC_WARN_UNDECLARED_SELECTOR = YES;
				GCC_WARN_UNINITIALIZED_AUTOS = YES_AGGRESSIVE;
				GCC_WARN_UNUSED_FUNCTION = YES;
				GCC_WARN_UNUSED_VARIABLE = YES;
				MACOSX_DEPLOYMENT_TARGET = 10.9;
				SDKROOT = macosx;
			};
			name = Release;
		};
		694167C01AE258190061AEC2 /* Debug */ = {
			isa = XCBuildConfiguration;
			buildSettings = {
				GCC_PRECOMPILE_PREFIX_HEADER = YES;
				GCC_PREFIX_HEADER = "Foundation框架--NSDate日期类/Foundation框架--NSDate日期类-Prefix.pch";
				PRODUCT_NAME = "$(TARGET_NAME)";
			};
			name = Debug;
		};
		694167C11AE258190061AEC2 /* Release */ = {
			isa = XCBuildConfiguration;
			buildSettings = {
				GCC_PRECOMPILE_PREFIX_HEADER = YES;
				GCC_PREFIX_HEADER = "Foundation框架--NSDate日期类/Foundation框架--NSDate日期类-Prefix.pch";
				PRODUCT_NAME = "$(TARGET_NAME)";
			};
			name = Release;
		};
/* End XCBuildConfiguration section */

/* Begin XCConfigurationList section */
		694167AC1AE258190061AEC2 /* Build configuration list for PBXProject "Foundation框架--NSDate日期类" */ = {
			isa = XCConfigurationList;
			buildConfigurations = (
				694167BD1AE258190061AEC2 /* Debug */,
				694167BE1AE258190061AEC2 /* Release */,
			);
			defaultConfigurationIsVisible = 0;
			defaultConfigurationName = Release;
		};
		694167BF1AE258190061AEC2 /* Build configuration list for PBXNativeTarget "Foundation框架--NSDate日期类" */ = {
			isa = XCConfigurationList;
			buildConfigurations = (
				694167C01AE258190061AEC2 /* Debug */,
				694167C11AE258190061AEC2 /* Release */,
			);
			defaultConfigurationIsVisible = 0;
		};
/* End XCConfigurationList section */
	};
	rootObject = 694167A91AE258190061AEC2 /* Project object */;
}
